<?xml version="1.0" encoding="utf-8"?>
<Project ToolsVersion="4.0" xmlns="http://schemas.microsoft.com/developer/msbuild/2003">
  <ItemGroup>
    <Filter Include="Source Files">
      <UniqueIdentifier>{4FC737F1-C7A5-4376-A066-2A32D752A2FF}</UniqueIdentifier>
      <Extensions>cpp;c;cc;cxx;def;odl;idl;hpj;bat;asm;asmx</Extensions>
    </Filter>
    <Filter Include="Header Files">
      <UniqueIdentifier>{93995380-89BD-4b04-88EB-625FBE52EBFB}</UniqueIdentifier>
      <Extensions>h;hh;hpp;hxx;hm;inl;inc;xsd</Extensions>
    </Filter>
    <Filter Include="Resource Files">
      <UniqueIdentifier>{67DA6AB6-F800-4c08-8B7A-83BB121AAD01}</UniqueIdentifier>
      <Extensions>rc;ico;cur;bmp;dlg;rc2;rct;bin;rgs;gif;jpg;jpeg;jpe;resx;tiff;tif;png;wav;mfcribbon-ms</Extensions>
    </Filter>
  </ItemGroup>
  <ItemGroup>
    <ClInclude Include="physicsShapeUtils.h">
      <Filter>Source Files</Filter>
    </ClInclude>
    <ClInclude Include="DebugUtils.h">
      <Filter>Source Files</Filter>
    </ClInclude>
    <ClInclude Include="DemoUtils.h">
      <Filter>Source Files</Filter>
    </ClInclude>
    <ClInclude Include="physicsAabb.h">
      <Filter>Source Files</Filter>
    </ClInclude>
    <ClInclude Include="physicsBody.h">
      <Filter>Source Files</Filter>
    </ClInclude>
    <ClInclude Include="physicsCd.h">
      <Filter>Source Files</Filter>
    </ClInclude>
    <ClInclude Include="physicsCollider.h">
      <Filter>Source Files</Filter>
    </ClInclude>
    <ClInclude Include="physicsInternalTypes.h">
      <Filter>Source Files</Filter>
    </ClInclude>
    <ClInclude Include="physicsObject.h">
      <Filter>Source Files</Filter>
    </ClInclude>
    <ClInclude Include="physicsShape.h">
      <Filter>Source Files</Filter>
    </ClInclude>
    <ClInclude Include="physicsSolver.h">
      <Filter>Source Files</Filter>
    </ClInclude>
    <ClInclude Include="physicsTypes.h">
      <Filter>Source Files</Filter>
    </ClInclude>
    <ClInclude Include="physicsWorld.h">
      <Filter>Source Files</Filter>
    </ClInclude>
    <ClInclude Include="Scene.h">
      <Filter>Source Files</Filter>
    </ClInclude>
    <ClInclude Include="physicsViewer.h">
      <Filter>Header Files</Filter>
    </ClInclude>
  </ItemGroup>
  <ItemGroup>
    <ClCompile Include="DemoUtils.cpp">
      <Filter>Source Files</Filter>
    </ClCompile>
    <ClCompile Include="physicsAabb.cpp">
      <Filter>Source Files</Filter>
    </ClCompile>
    <ClCompile Include="physicsBody.cpp">
      <Filter>Source Files</Filter>
    </ClCompile>
    <ClCompile Include="physicsCd.cpp">
      <Filter>Source Files</Filter>
    </ClCompile>
    <ClCompile Include="physicsCollider.cpp">
      <Filter>Source Files</Filter>
    </ClCompile>
    <ClCompile Include="physicsObject.cpp">
      <Filter>Source Files</Filter>
    </ClCompile>
    <ClCompile Include="physicsShape.cpp">
      <Filter>Source Files</Filter>
    </ClCompile>
    <ClCompile Include="physicsSolver.cpp">
      <Filter>Source Files</Filter>
    </ClCompile>
    <ClCompile Include="physicsWorld.cpp">
      <Filter>Source Files</Filter>
    </ClCompile>
    <ClCompile Include="DebugUtils.cpp">
      <Filter>Source Files</Filter>
    </ClCompile>
    <ClCompile Include="physicsInternalTypes.cpp">
      <Filter>Source Files</Filter>
    </ClCompile>
    <ClCompile Include="physicsShapeUtils.cpp">
      <Filter>Source Files</Filter>
    </ClCompile>
    <ClCompile Include="Scene.cpp">
      <Filter>Source Files</Filter>
    </ClCompile>
    <ClCompile Include="physicsViewer.cpp">
      <Filter>Source Files</Filter>
    </ClCompile>
  </ItemGroup>
  <ItemGroup>
    <None Include="physicsBody.inl">
      <Filter>Source Files</Filter>
    </None>
    <None Include="packages.config" />
  </ItemGroup>
</Project>