<?xml version="1.0" encoding="utf-8"?>
<Project ToolsVersion="4.0" xmlns="http://schemas.microsoft.com/developer/msbuild/2003">
  <ItemGroup>
    <ClCompile Include="Renderer\Camera.cpp" />
    <ClCompile Include="Renderer\Renderer.cpp" />
    <ClCompile Include="Renderer\Shader.cpp" />
    <ClCompile Include="Renderer\Thirdparty\Imgui\imgui.cpp">
      <Filter>Thirdparty</Filter>
    </ClCompile>
    <ClCompile Include="Renderer\Thirdparty\Imgui\imgui_demo.cpp">
      <Filter>Thirdparty</Filter>
    </ClCompile>
    <ClCompile Include="Renderer\Thirdparty\Imgui\imgui_draw.cpp">
      <Filter>Thirdparty</Filter>
    </ClCompile>
    <ClCompile Include="Renderer\Thirdparty\Imgui\imgui_impl_glfw_gl3.cpp">
      <Filter>Thirdparty</Filter>
    </ClCompile>
  </ItemGroup>
  <ItemGroup>
    <ClInclude Include="Renderer\Camera.h" />
    <ClInclude Include="Renderer\Renderer.h" />
    <ClInclude Include="Renderer\Shader.h" />
    <ClInclude Include="Renderer\Thirdparty\Imgui\imconfig.h">
      <Filter>Thirdparty</Filter>
    </ClInclude>
    <ClInclude Include="Renderer\Thirdparty\Imgui\imgui.h">
      <Filter>Thirdparty</Filter>
    </ClInclude>
    <ClInclude Include="Renderer\Thirdparty\Imgui\imgui_impl_glfw_gl3.h">
      <Filter>Thirdparty</Filter>
    </ClInclude>
    <ClInclude Include="Renderer\Thirdparty\Imgui\imgui_internal.h">
      <Filter>Thirdparty</Filter>
    </ClInclude>
    <ClInclude Include="Renderer\Thirdparty\Imgui\stb_rect_pack.h">
      <Filter>Thirdparty</Filter>
    </ClInclude>
    <ClInclude Include="Renderer\Thirdparty\Imgui\stb_textedit.h">
      <Filter>Thirdparty</Filter>
    </ClInclude>
    <ClInclude Include="Renderer\Thirdparty\Imgui\stb_truetype.h">
      <Filter>Thirdparty</Filter>
    </ClInclude>
  </ItemGroup>
  <ItemGroup>
    <None Include="packages.config" />
    <None Include="Renderer\shaders\Geometry\GeomFrag.shader">
      <Filter>shaders\Geometry</Filter>
    </None>
    <None Include="Renderer\shaders\Geometry\GeomVert.shader">
      <Filter>shaders\Geometry</Filter>
    </None>
    <None Include="Renderer\shaders\Line\LineFrag.shader">
      <Filter>shaders\Line</Filter>
    </None>
    <None Include="Renderer\shaders\Line\LineVert.shader">
      <Filter>shaders\Line</Filter>
    </None>
    <None Include="Renderer\shaders\LightSource\LightSourceFrag.shader">
      <Filter>shaders\LightSource</Filter>
    </None>
    <None Include="Renderer\shaders\LightSource\LightSourceVert.shader">
      <Filter>shaders\LightSource</Filter>
    </None>
  </ItemGroup>
  <ItemGroup>
    <Filter Include="shaders">
      <UniqueIdentifier>{9ca0932e-1aac-4eeb-9fb1-527df3cd3ee9}</UniqueIdentifier>
    </Filter>
    <Filter Include="shaders\Geometry">
      <UniqueIdentifier>{0d606b74-eff8-42fd-8564-1fa1161ba05e}</UniqueIdentifier>
    </Filter>
    <Filter Include="shaders\LightSource">
      <UniqueIdentifier>{f44673b8-530d-49f5-b975-28a6a7fda7be}</UniqueIdentifier>
    </Filter>
    <Filter Include="shaders\Line">
      <UniqueIdentifier>{130a2fd1-65f4-4f6e-9e10-7d9b88f59d90}</UniqueIdentifier>
    </Filter>
    <Filter Include="Thirdparty">
      <UniqueIdentifier>{5db81030-e8f0-4fc4-81fa-42277e19091b}</UniqueIdentifier>
    </Filter>
  </ItemGroup>
</Project>